
Microsoft Visual Studio Solution File, Format Version 12.00
# Visual Studio 14
VisualStudioVersion = 14.0.25420.1
MinimumVisualStudioVersion = 10.0.40219.1
Project("{FAE04EC0-301F-11D3-BF4B-00C04F79EFBC}") = "HTTPEndpoint", "HTTPEndpoint\HTTPEndpoint.csproj", "{634CB94C-4DA7-4E47-B0AE-770C7CE87F90}"
EndProject
Project("{FAE04EC0-301F-11D3-BF4B-00C04F79EFBC}") = "HTTPEndpointService", "HTTPEndpointService\HTTPEndpointService.csproj", "{25A6F6BC-DCB3-4A16-8CB7-D2A52D7B4316}"
EndProject
Project("{FAE04EC0-301F-11D3-BF4B-00C04F79EFBC}") = "HTTPEndpointConsole", "HTTPEndpointConsole\HTTPEndpointConsole.csproj", "{0C9A1D35-E21C-41C8-8FCC-C85D0FAE8432}"
EndProject
Project("{FAE04EC0-301F-11D3-BF4B-00C04F79EFBC}") = "IDataStorage", "IStorage\IDataStorage.csproj", "{D45A6673-720F-4A1D-A8E9-7EF6FBB5C942}"
EndProject
Project("{2150E333-8FDC-42A3-9474-1A3956D46DE8}") = "Endpoint", "Endpoint", "{4EB4E3F9-3553-48D4-8BAF-D1AC5E9C64A3}"
EndProject
Project("{2150E333-8FDC-42A3-9474-1A3956D46DE8}") = "Storage", "Storage", "{6002972F-8B3C-4F5A-8E62-C01292D5F0CB}"
EndProject
Project("{2150E333-8FDC-42A3-9474-1A3956D46DE8}") = "Playlist", "Playlist", "{C57ECF03-4F79-4CE6-BE6A-B77746AB890E}"
EndProject
Project("{FAE04EC0-301F-11D3-BF4B-00C04F79EFBC}") = "IPlaylistManager", "IPlaylistManager\IPlaylistManager.csproj", "{11D28BA1-32FA-4F51-8CB9-1EF55B91FE9C}"
EndProject
Project("{FAE04EC0-301F-11D3-BF4B-00C04F79EFBC}") = "PlaylistManager", "PlaylistManager\PlaylistManager.csproj", "{A3B574CA-5CC1-448D-9932-63A6B6E82076}"
EndProject
Project("{FAE04EC0-301F-11D3-BF4B-00C04F79EFBC}") = "IBlobStorage", "Storage.IBlobStorage\IBlobStorage.csproj", "{E49AF6E1-31C0-4000-8D88-E8BEF1A15AA6}"
EndProject
Project("{2150E333-8FDC-42A3-9474-1A3956D46DE8}") = "Streaming", "Streaming", "{4F92E633-F069-4208-B452-B646B0A644DC}"
EndProject
Project("{2150E333-8FDC-42A3-9474-1A3956D46DE8}") = "Music", "Music", "{EFD5639B-117A-43B4-8B1E-0501E35E052B}"
EndProject
Project("{FAE04EC0-301F-11D3-BF4B-00C04F79EFBC}") = "MusicManager", "MusicManager\MusicManager.csproj", "{8BDC8260-F2F3-4EF9-B57F-845A49AD490D}"
EndProject
Project("{FAE04EC0-301F-11D3-BF4B-00C04F79EFBC}") = "IMusicManager", "IMusicManager\IMusicManager.csproj", "{8420E2BA-B100-42BC-A6A6-D0A9BDEA3701}"
EndProject
Project("{FAE04EC0-301F-11D3-BF4B-00C04F79EFBC}") = "DocumentDBStorage", "DocumentDBDataStore\DocumentDBStorage.csproj", "{6590A698-8543-493D-AC8C-97DFC2654FFA}"
EndProject
Project("{2150E333-8FDC-42A3-9474-1A3956D46DE8}") = "Tests", "Tests", "{AD0C7179-07D4-419E-A0AF-0F63DBFA2A8A}"
EndProject
Project("{FAE04EC0-301F-11D3-BF4B-00C04F79EFBC}") = "StorageTestApplication", "StorageTestApplication\StorageTestApplication.csproj", "{5CF0D907-5FF1-4160-8AC5-FE2B4B541F43}"
EndProject
Project("{FAE04EC0-301F-11D3-BF4B-00C04F79EFBC}") = "AzureBlobStorage", "AzureBlobStorage\AzureBlobStorage.csproj", "{4F1E8FAA-25D1-4E51-980B-BFC7754E366C}"
EndProject
Global
	GlobalSection(SolutionConfigurationPlatforms) = preSolution
		Debug|Any CPU = Debug|Any CPU
		Release|Any CPU = Release|Any CPU
	EndGlobalSection
	GlobalSection(ProjectConfigurationPlatforms) = postSolution
		{634CB94C-4DA7-4E47-B0AE-770C7CE87F90}.Debug|Any CPU.ActiveCfg = Debug|Any CPU
		{634CB94C-4DA7-4E47-B0AE-770C7CE87F90}.Debug|Any CPU.Build.0 = Debug|Any CPU
		{634CB94C-4DA7-4E47-B0AE-770C7CE87F90}.Release|Any CPU.ActiveCfg = Release|Any CPU
		{634CB94C-4DA7-4E47-B0AE-770C7CE87F90}.Release|Any CPU.Build.0 = Release|Any CPU
		{25A6F6BC-DCB3-4A16-8CB7-D2A52D7B4316}.Debug|Any CPU.ActiveCfg = Debug|Any CPU
		{25A6F6BC-DCB3-4A16-8CB7-D2A52D7B4316}.Debug|Any CPU.Build.0 = Debug|Any CPU
		{25A6F6BC-DCB3-4A16-8CB7-D2A52D7B4316}.Release|Any CPU.ActiveCfg = Release|Any CPU
		{25A6F6BC-DCB3-4A16-8CB7-D2A52D7B4316}.Release|Any CPU.Build.0 = Release|Any CPU
		{0C9A1D35-E21C-41C8-8FCC-C85D0FAE8432}.Debug|Any CPU.ActiveCfg = Debug|Any CPU
		{0C9A1D35-E21C-41C8-8FCC-C85D0FAE8432}.Debug|Any CPU.Build.0 = Debug|Any CPU
		{0C9A1D35-E21C-41C8-8FCC-C85D0FAE8432}.Release|Any CPU.ActiveCfg = Release|Any CPU
		{0C9A1D35-E21C-41C8-8FCC-C85D0FAE8432}.Release|Any CPU.Build.0 = Release|Any CPU
		{D45A6673-720F-4A1D-A8E9-7EF6FBB5C942}.Debug|Any CPU.ActiveCfg = Debug|Any CPU
		{D45A6673-720F-4A1D-A8E9-7EF6FBB5C942}.Debug|Any CPU.Build.0 = Debug|Any CPU
		{D45A6673-720F-4A1D-A8E9-7EF6FBB5C942}.Release|Any CPU.ActiveCfg = Release|Any CPU
		{D45A6673-720F-4A1D-A8E9-7EF6FBB5C942}.Release|Any CPU.Build.0 = Release|Any CPU
		{11D28BA1-32FA-4F51-8CB9-1EF55B91FE9C}.Debug|Any CPU.ActiveCfg = Debug|Any CPU
		{11D28BA1-32FA-4F51-8CB9-1EF55B91FE9C}.Debug|Any CPU.Build.0 = Debug|Any CPU
		{11D28BA1-32FA-4F51-8CB9-1EF55B91FE9C}.Release|Any CPU.ActiveCfg = Release|Any CPU
		{11D28BA1-32FA-4F51-8CB9-1EF55B91FE9C}.Release|Any CPU.Build.0 = Release|Any CPU
		{A3B574CA-5CC1-448D-9932-63A6B6E82076}.Debug|Any CPU.ActiveCfg = Debug|Any CPU
		{A3B574CA-5CC1-448D-9932-63A6B6E82076}.Debug|Any CPU.Build.0 = Debug|Any CPU
		{A3B574CA-5CC1-448D-9932-63A6B6E82076}.Release|Any CPU.ActiveCfg = Release|Any CPU
		{A3B574CA-5CC1-448D-9932-63A6B6E82076}.Release|Any CPU.Build.0 = Release|Any CPU
		{E49AF6E1-31C0-4000-8D88-E8BEF1A15AA6}.Debug|Any CPU.ActiveCfg = Debug|Any CPU
		{E49AF6E1-31C0-4000-8D88-E8BEF1A15AA6}.Debug|Any CPU.Build.0 = Debug|Any CPU
		{E49AF6E1-31C0-4000-8D88-E8BEF1A15AA6}.Release|Any CPU.ActiveCfg = Release|Any CPU
		{E49AF6E1-31C0-4000-8D88-E8BEF1A15AA6}.Release|Any CPU.Build.0 = Release|Any CPU
		{8BDC8260-F2F3-4EF9-B57F-845A49AD490D}.Debug|Any CPU.ActiveCfg = Debug|Any CPU
		{8BDC8260-F2F3-4EF9-B57F-845A49AD490D}.Debug|Any CPU.Build.0 = Debug|Any CPU
		{8BDC8260-F2F3-4EF9-B57F-845A49AD490D}.Release|Any CPU.ActiveCfg = Release|Any CPU
		{8BDC8260-F2F3-4EF9-B57F-845A49AD490D}.Release|Any CPU.Build.0 = Release|Any CPU
		{8420E2BA-B100-42BC-A6A6-D0A9BDEA3701}.Debug|Any CPU.ActiveCfg = Debug|Any CPU
		{8420E2BA-B100-42BC-A6A6-D0A9BDEA3701}.Debug|Any CPU.Build.0 = Debug|Any CPU
		{8420E2BA-B100-42BC-A6A6-D0A9BDEA3701}.Release|Any CPU.ActiveCfg = Release|Any CPU
		{8420E2BA-B100-42BC-A6A6-D0A9BDEA3701}.Release|Any CPU.Build.0 = Release|Any CPU
		{6590A698-8543-493D-AC8C-97DFC2654FFA}.Debug|Any CPU.ActiveCfg = Debug|Any CPU
		{6590A698-8543-493D-AC8C-97DFC2654FFA}.Debug|Any CPU.Build.0 = Debug|Any CPU
		{6590A698-8543-493D-AC8C-97DFC2654FFA}.Release|Any CPU.ActiveCfg = Release|Any CPU
		{6590A698-8543-493D-AC8C-97DFC2654FFA}.Release|Any CPU.Build.0 = Release|Any CPU
		{5CF0D907-5FF1-4160-8AC5-FE2B4B541F43}.Debug|Any CPU.ActiveCfg = Debug|Any CPU
		{5CF0D907-5FF1-4160-8AC5-FE2B4B541F43}.Debug|Any CPU.Build.0 = Debug|Any CPU
		{5CF0D907-5FF1-4160-8AC5-FE2B4B541F43}.Release|Any CPU.ActiveCfg = Release|Any CPU
		{5CF0D907-5FF1-4160-8AC5-FE2B4B541F43}.Release|Any CPU.Build.0 = Release|Any CPU
		{4F1E8FAA-25D1-4E51-980B-BFC7754E366C}.Debug|Any CPU.ActiveCfg = Debug|Any CPU
		{4F1E8FAA-25D1-4E51-980B-BFC7754E366C}.Debug|Any CPU.Build.0 = Debug|Any CPU
		{4F1E8FAA-25D1-4E51-980B-BFC7754E366C}.Release|Any CPU.ActiveCfg = Release|Any CPU
		{4F1E8FAA-25D1-4E51-980B-BFC7754E366C}.Release|Any CPU.Build.0 = Release|Any CPU
	EndGlobalSection
	GlobalSection(SolutionProperties) = preSolution
		HideSolutionNode = FALSE
	EndGlobalSection
	GlobalSection(NestedProjects) = preSolution
		{634CB94C-4DA7-4E47-B0AE-770C7CE87F90} = {4EB4E3F9-3553-48D4-8BAF-D1AC5E9C64A3}
		{25A6F6BC-DCB3-4A16-8CB7-D2A52D7B4316} = {4EB4E3F9-3553-48D4-8BAF-D1AC5E9C64A3}
		{0C9A1D35-E21C-41C8-8FCC-C85D0FAE8432} = {4EB4E3F9-3553-48D4-8BAF-D1AC5E9C64A3}
		{D45A6673-720F-4A1D-A8E9-7EF6FBB5C942} = {6002972F-8B3C-4F5A-8E62-C01292D5F0CB}
		{11D28BA1-32FA-4F51-8CB9-1EF55B91FE9C} = {C57ECF03-4F79-4CE6-BE6A-B77746AB890E}
		{A3B574CA-5CC1-448D-9932-63A6B6E82076} = {C57ECF03-4F79-4CE6-BE6A-B77746AB890E}
		{E49AF6E1-31C0-4000-8D88-E8BEF1A15AA6} = {6002972F-8B3C-4F5A-8E62-C01292D5F0CB}
		{8BDC8260-F2F3-4EF9-B57F-845A49AD490D} = {EFD5639B-117A-43B4-8B1E-0501E35E052B}
		{8420E2BA-B100-42BC-A6A6-D0A9BDEA3701} = {EFD5639B-117A-43B4-8B1E-0501E35E052B}
		{6590A698-8543-493D-AC8C-97DFC2654FFA} = {6002972F-8B3C-4F5A-8E62-C01292D5F0CB}
		{5CF0D907-5FF1-4160-8AC5-FE2B4B541F43} = {AD0C7179-07D4-419E-A0AF-0F63DBFA2A8A}
		{4F1E8FAA-25D1-4E51-980B-BFC7754E366C} = {6002972F-8B3C-4F5A-8E62-C01292D5F0CB}
	EndGlobalSection
EndGlobal
